
Microsoft Visual Studio Solution File, Format Version 12.00
# Visual Studio Version 17
VisualStudioVersion = 17.8.34330.188
MinimumVisualStudioVersion = 10.0.40219.1
Project("{FAE04EC0-301F-11D3-BF4B-00C04F79EFBC}") = "PracticeDBfirstAPI", "PracticeDBfirstAPI.csproj", "{FCF0D7C3-6588-4055-B7AA-236373F2F02F}"
EndProject
Global
	GlobalSection(SolutionConfigurationPlatforms) = preSolution
		Debug|Any CPU = Debug|Any CPU
		Release|Any CPU = Release|Any CPU
	EndGlobalSection
	GlobalSection(ProjectConfigurationPlatforms) = postSolution
		{FCF0D7C3-6588-4055-B7AA-236373F2F02F}.Debug|Any CPU.ActiveCfg = Debug|Any CPU
		{FCF0D7C3-6588-4055-B7AA-236373F2F02F}.Debug|Any CPU.Build.0 = Debug|Any CPU
		{FCF0D7C3-6588-4055-B7AA-236373F2F02F}.Release|Any CPU.ActiveCfg = Release|Any CPU
		{FCF0D7C3-6588-4055-B7AA-236373F2F02F}.Release|Any CPU.Build.0 = Release|Any CPU
	EndGlobalSection
	GlobalSection(SolutionProperties) = preSolution
		HideSolutionNode = FALSE
	EndGlobalSection
	GlobalSection(ExtensibilityGlobals) = postSolution
		SolutionGuid = {66448FED-0701-4417-86F0-77957B124258}
	EndGlobalSection
EndGlobal
